{
  "nodes": {
    "nixpkgs-lib": {
      "locked": {
        "lastModified": 1690678486,
        "narHash": "sha256-Smb6j3nujZUil/NmZl92L8qC7nsPQjzfSLY+85ZKC0M=",
        "owner": "nix-community",
        "repo": "nixpkgs.lib",
        "rev": "4e763280df6d9391033239019265d9154348b6ab",
        "type": "github"
      },
      "original": {
        "owner": "nix-community",
        "repo": "nixpkgs.lib",
        "type": "github"
      }
    },
    "root": {
      "inputs": {
        "nixpkgs-lib": "nixpkgs-lib"
      }
    }
  },
  "root": "root",
  "version": 7
}
